lockfileVersion: '9.0'

settings:
  autoInstallPeers: true
  excludeLinksFromLockfile: false

importers:

  .:
    dependencies:
      '@ianvs/prettier-plugin-sort-imports':
        specifier: ^4.3.1
        version: 4.5.1(prettier@3.5.3)
      prettier-plugin-packagejson:
        specifier: ^2.5.1
        version: 2.5.15(prettier@3.5.3)
    devDependencies:
      oxlint:
        specifier: ^0.17.0
        version: 0.17.0
      prettier:
        specifier: ^3.3.3
        version: 3.5.3
      typescript:
        specifier: ^5.5.4
        version: 5.8.3

packages:

  '@babel/code-frame@7.27.1':
    resolution: {integrity: sha512-cjQ7ZlQ0Mv3b47hABuTevyTuYN4i+loJKGeV9flcCgIK37cCXRh+L1bd3iBHlynerhQ7BhCkn2BPbQUL+rGqFg==}
    engines: {node: '>=6.9.0'}

  '@babel/generator@7.28.0':
    resolution: {integrity: sha512-lJjzvrbEeWrhB4P3QBsH7tey117PjLZnDbLiQEKjQ/fNJTjuq4HSqgFA+UNSwZT8D7dxxbnuSBMsa1lrWzKlQg==}
    engines: {node: '>=6.9.0'}

  '@babel/helper-globals@7.28.0':
    resolution: {integrity: sha512-+W6cISkXFa1jXsDEdYA8HeevQT/FULhxzR99pxphltZcVaugps53THCeiWA8SguxxpSp3gKPiuYfSWopkLQ4hw==}
    engines: {node: '>=6.9.0'}

  '@babel/helper-string-parser@7.27.1':
    resolution: {integrity: sha512-qMlSxKbpRlAridDExk92nSobyDdpPijUq2DW6oDnUqd0iOGxmQjyqhMIihI9+zv4LPyZdRje2cavWPbCbWm3eA==}
    engines: {node: '>=6.9.0'}

  '@babel/helper-validator-identifier@7.27.1':
    resolution: {integrity: sha512-D2hP9eA+Sqx1kBZgzxZh0y1trbuU+JoDkiEwqhQ36nodYqJwyEIhPSdMNd7lOm/4io72luTPWH20Yda0xOuUow==}
    engines: {node: '>=6.9.0'}

  '@babel/parser@7.28.0':
    resolution: {integrity: sha512-jVZGvOxOuNSsuQuLRTh13nU0AogFlw32w/MT+LV6D3sP5WdbW61E77RnkbaO2dUvmPAYrBDJXGn5gGS6tH4j8g==}
    engines: {node: '>=6.0.0'}
    hasBin: true

  '@babel/template@7.27.2':
    resolution: {integrity: sha512-LPDZ85aEJyYSd18/DkjNh4/y1ntkE5KwUHWTiqgRxruuZL2F1yuHligVHLvcHY2vMHXttKFpJn6LwfI7cw7ODw==}
    engines: {node: '>=6.9.0'}

  '@babel/traverse@7.28.0':
    resolution: {integrity: sha512-mGe7UK5wWyh0bKRfupsUchrQGqvDbZDbKJw+kcRGSmdHVYrv+ltd0pnpDTVpiTqnaBru9iEvA8pz8W46v0Amwg==}
    engines: {node: '>=6.9.0'}

  '@babel/types@7.28.1':
    resolution: {integrity: sha512-x0LvFTekgSX+83TI28Y9wYPUfzrnl2aT5+5QLnO6v7mSJYtEEevuDRN0F0uSHRk1G1IWZC43o00Y0xDDrpBGPQ==}
    engines: {node: '>=6.9.0'}

  '@ianvs/prettier-plugin-sort-imports@4.5.1':
    resolution: {integrity: sha512-vOQwIyQHnHz0ikvHEQDzwUkNfX74o/7qNEpm9LiPtyBvCg/AU/DOkhwe1o92chPS1QzS6G7HeiO+OwIt8a358A==}
    peerDependencies:
      '@prettier/plugin-oxc': ^0.0.4
      '@vue/compiler-sfc': 2.7.x || 3.x
      prettier: 2 || 3 || ^4.0.0-0
    peerDependenciesMeta:
      '@prettier/plugin-oxc':
        optional: true
      '@vue/compiler-sfc':
        optional: true

  '@jridgewell/gen-mapping@0.3.12':
    resolution: {integrity: sha512-OuLGC46TjB5BbN1dH8JULVVZY4WTdkF7tV9Ys6wLL1rubZnCMstOhNHueU5bLCrnRuDhKPDM4g6sw4Bel5Gzqg==}

  '@jridgewell/resolve-uri@3.1.2':
    resolution: {integrity: sha512-bRISgCIjP20/tbWSPWMEi54QVPRZExkuD9lJL+UIxUKtwVJA8wW1Trb1jMs1RFXo1CBTNZ/5hpC9QvmKWdopKw==}
    engines: {node: '>=6.0.0'}

  '@jridgewell/sourcemap-codec@1.5.4':
    resolution: {integrity: sha512-VT2+G1VQs/9oz078bLrYbecdZKs912zQlkelYpuf+SXF+QvZDYJlbx/LSx+meSAwdDFnF8FVXW92AVjjkVmgFw==}

  '@jridgewell/trace-mapping@0.3.29':
    resolution: {integrity: sha512-uw6guiW/gcAGPDhLmd77/6lW8QLeiV5RUTsAX46Db6oLhGaVj4lhnPwb184s1bkc8kdVg/+h988dro8GRDpmYQ==}

  '@oxlint/darwin-arm64@0.17.0':
    resolution: {integrity: sha512-py/N0yTMbdy5Kd1RFMMgFqzO5Qwc5MbHSCA0BvSx/GnC3n7yPstcEFSSdZzb+HaANI00xn4dwjYo6HVEFHhuWA==}
    cpu: [arm64]
    os: [darwin]

  '@oxlint/darwin-x64@0.17.0':
    resolution: {integrity: sha512-rQUFu6Ci8gmBHTgb2EMKYNZWCmBB8sSW7SAxBes9k0esonKsioDNjT51CsfKZhXyaMtaM70hiVhSCBc0NqUEJg==}
    cpu: [x64]
    os: [darwin]

  '@oxlint/linux-arm64-gnu@0.17.0':
    resolution: {integrity: sha512-NoAWscdfVj6Sci3NdbHHc1OivSSKpwtkLff5SoAM8XgJ9t7flf+zW7XOy3OeSgZAxNbcF4QGruv+XcBLR7tWMA==}
    cpu: [arm64]
    os: [linux]

  '@oxlint/linux-arm64-musl@0.17.0':
    resolution: {integrity: sha512-VQRmSdbuc0rpSZoLqdhKJG9nUjJmEymOU60dO3lKlCT5YXME4dxA+jf1AigtnmJS5FgOxQm54ECF9lh6dyP0ew==}
    cpu: [arm64]
    os: [linux]

  '@oxlint/linux-x64-gnu@0.17.0':
    resolution: {integrity: sha512-KcaXWkBfqt7weerU1EXJysEupEHB8AtJytufBOQMuLE5vx2OoAbjAk0vt2V14W8Lss9Sz+ET7nXo6ZAEku4vCA==}
    cpu: [x64]
    os: [linux]

  '@oxlint/linux-x64-musl@0.17.0':
    resolution: {integrity: sha512-yWbFXWKKTrH4zR0FI1V6KDJp5NqOLFe1LZbKNeaoS1wtq5/aFPeM+d9dttGLoA5u6G9uhIK/nSnrPmtuNLPU4Q==}
    cpu: [x64]
    os: [linux]

  '@oxlint/win32-arm64@0.17.0':
    resolution: {integrity: sha512-zdoB3mbvcx3eGOh6ElPJ01S2MOzyZo/gijeHw7yb2PXcRis+3clVje6kpnG7/TN69zoHv7WwDX6poJu8FURTqg==}
    cpu: [arm64]
    os: [win32]

  '@oxlint/win32-x64@0.17.0':
    resolution: {integrity: sha512-gxVYAOy/8IAWgmsaXDxRJvOr7l61DUDj6s7tXImzXqBAH/An6yJZGr1tR+5BsACVw/3hcCPOUbotXGS4+vZNZQ==}
    cpu: [x64]
    os: [win32]

  '@pkgr/core@0.2.7':
    resolution: {integrity: sha512-YLT9Zo3oNPJoBjBc4q8G2mjU4tqIbf5CEOORbUUr48dCD9q3umJ3IPlVqOqDakPfd2HuwccBaqlGhN4Gmr5OWg==}
    engines: {node: ^12.20.0 || ^14.18.0 || >=16.0.0}

  debug@4.4.1:
    resolution: {integrity: sha512-KcKCqiftBJcZr++7ykoDIEwSa3XWowTfNPo92BYxjXiyYEVrUQh2aLyhxBCwww+heortUFxEJYcRzosstTEBYQ==}
    engines: {node: '>=6.0'}
    peerDependencies:
      supports-color: '*'
    peerDependenciesMeta:
      supports-color:
        optional: true

  detect-indent@7.0.1:
    resolution: {integrity: sha512-Mc7QhQ8s+cLrnUfU/Ji94vG/r8M26m8f++vyres4ZoojaRDpZ1eSIh/EpzLNwlWuvzSZ3UbDFspjFvTDXe6e/g==}
    engines: {node: '>=12.20'}

  detect-newline@4.0.1:
    resolution: {integrity: sha512-qE3Veg1YXzGHQhlA6jzebZN2qVf6NX+A7m7qlhCGG30dJixrAQhYOsJjsnBjJkCSmuOPpCk30145fr8FV0bzog==}
    engines: {node: ^12.20.0 || ^14.13.1 || >=16.0.0}

  fdir@6.4.5:
    resolution: {integrity: sha512-4BG7puHpVsIYxZUbiUE3RqGloLaSSwzYie5jvasC4LWuBWzZawynvYouhjbQKw2JuIGYdm0DzIxl8iVidKlUEw==}
    peerDependencies:
      picomatch: ^3 || ^4
    peerDependenciesMeta:
      picomatch:
        optional: true

  git-hooks-list@4.1.1:
    resolution: {integrity: sha512-cmP497iLq54AZnv4YRAEMnEyQ1eIn4tGKbmswqwmFV4GBnAqE8NLtWxxdXa++AalfgL5EBH4IxTPyquEuGY/jA==}

  is-plain-obj@4.1.0:
    resolution: {integrity: sha512-+Pgi+vMuUNkJyExiMBt5IlFoMyKnr5zhJ4Uspz58WOhBF5QoIZkFyNHIbBAtHwzVAgk5RtndVNsDRN61/mmDqg==}
    engines: {node: '>=12'}

  js-tokens@4.0.0:
    resolution: {integrity: sha512-RdJUflcE3cUzKiMqQgsCu06FPu9UdIJO0beYbPhHN4k6apgJtifcoCtT9bcxOpYBtpD2kCM6Sbzg4CausW/PKQ==}

  jsesc@3.1.0:
    resolution: {integrity: sha512-/sM3dO2FOzXjKQhJuo0Q173wf2KOo8t4I8vHy6lF9poUp7bKT0/NHE8fPX23PwfhnykfqnC2xRxOnVw5XuGIaA==}
    engines: {node: '>=6'}
    hasBin: true

  ms@2.1.3:
    resolution: {integrity: sha512-6FlzubTLZG3J2a/NVCAleEhjzq5oxgHyaCU9yYXvcLsvoVaHJq/s5xXI6/XXP6tz7R9xAOtHnSO/tXtF3WRTlA==}

  oxlint@0.17.0:
    resolution: {integrity: sha512-LCXomDhPGbDUZ/T+ScFA0tjh7A5QgYwPRCw7XFlJxRD2URBV8wj2lLvepbQ9yS/Q6SGhVfHQMpziQytajl8NcQ==}
    engines: {node: '>=8.*'}
    hasBin: true

  picocolors@1.1.1:
    resolution: {integrity: sha512-xceH2snhtb5M9liqDsmEw56le376mTZkEX/jEb/RxNFyegNul7eNslCXP9FDj/Lcu0X8KEyMceP2ntpaHrDEVA==}

  picomatch@4.0.2:
    resolution: {integrity: sha512-M7BAV6Rlcy5u+m6oPhAPFgJTzAioX/6B0DxyvDlo9l8+T3nLKbrczg2WLUyzd45L8RqfUMyGPzekbMvX2Ldkwg==}
    engines: {node: '>=12'}

  prettier-plugin-packagejson@2.5.15:
    resolution: {integrity: sha512-2QSx6y4IT6LTwXtCvXAopENW5IP/aujC8fobEM2pDbs0IGkiVjW/ipPuYAHuXigbNe64aGWF7vIetukuzM3CBw==}
    peerDependencies:
      prettier: '>= 1.16.0'
    peerDependenciesMeta:
      prettier:
        optional: true

  prettier@3.5.3:
    resolution: {integrity: sha512-QQtaxnoDJeAkDvDKWCLiwIXkTgRhwYDEQCghU9Z6q03iyek/rxRh/2lC3HB7P8sWT2xC/y5JDctPLBIGzHKbhw==}
    engines: {node: '>=14'}
    hasBin: true

  semver@7.7.2:
    resolution: {integrity: sha512-RF0Fw+rO5AMf9MAyaRXI4AV0Ulj5lMHqVxxdSgiVbixSCXoEmmX/jk0CuJw4+3SqroYO9VoUh+HcuJivvtJemA==}
    engines: {node: '>=10'}
    hasBin: true

  sort-object-keys@1.1.3:
    resolution: {integrity: sha512-855pvK+VkU7PaKYPc+Jjnmt4EzejQHyhhF33q31qG8x7maDzkeFhAAThdCYay11CISO+qAMwjOBP+fPZe0IPyg==}

  sort-package-json@3.2.1:
    resolution: {integrity: sha512-rTfRdb20vuoAn7LDlEtCqOkYfl2X+Qze6cLbNOzcDpbmKEhJI30tTN44d5shbKJnXsvz24QQhlCm81Bag7EOKg==}
    hasBin: true

  synckit@0.11.8:
    resolution: {integrity: sha512-+XZ+r1XGIJGeQk3VvXhT6xx/VpbHsRzsTkGgF6E5RX9TTXD0118l87puaEBZ566FhqblC6U0d4XnubznJDm30A==}
    engines: {node: ^14.18.0 || >=16.0.0}

  tinyglobby@0.2.14:
    resolution: {integrity: sha512-tX5e7OM1HnYr2+a2C/4V0htOcSQcoSTH9KgJnVvNm5zm/cyEWKJ7j7YutsH9CxMdtOkkLFy2AHrMci9IM8IPZQ==}
    engines: {node: '>=12.0.0'}

  typescript@5.8.3:
    resolution: {integrity: sha512-p1diW6TqL9L07nNxvRMM7hMMw4c5XOo/1ibL4aAIGmSAt9slTE1Xgw5KWuof2uTOvCg9BY7ZRi+GaF+7sfgPeQ==}
    engines: {node: '>=14.17'}
    hasBin: true

snapshots:

  '@babel/code-frame@7.27.1':
    dependencies:
      '@babel/helper-validator-identifier': 7.27.1
      js-tokens: 4.0.0
      picocolors: 1.1.1

  '@babel/generator@7.28.0':
    dependencies:
      '@babel/parser': 7.28.0
      '@babel/types': 7.28.1
      '@jridgewell/gen-mapping': 0.3.12
      '@jridgewell/trace-mapping': 0.3.29
      jsesc: 3.1.0

  '@babel/helper-globals@7.28.0': {}

  '@babel/helper-string-parser@7.27.1': {}

  '@babel/helper-validator-identifier@7.27.1': {}

  '@babel/parser@7.28.0':
    dependencies:
      '@babel/types': 7.28.1

  '@babel/template@7.27.2':
    dependencies:
      '@babel/code-frame': 7.27.1
      '@babel/parser': 7.28.0
      '@babel/types': 7.28.1

  '@babel/traverse@7.28.0':
    dependencies:
      '@babel/code-frame': 7.27.1
      '@babel/generator': 7.28.0
      '@babel/helper-globals': 7.28.0
      '@babel/parser': 7.28.0
      '@babel/template': 7.27.2
      '@babel/types': 7.28.1
      debug: 4.4.1
    transitivePeerDependencies:
      - supports-color

  '@babel/types@7.28.1':
    dependencies:
      '@babel/helper-string-parser': 7.27.1
      '@babel/helper-validator-identifier': 7.27.1

  '@ianvs/prettier-plugin-sort-imports@4.5.1(prettier@3.5.3)':
    dependencies:
      '@babel/generator': 7.28.0
      '@babel/parser': 7.28.0
      '@babel/traverse': 7.28.0
      '@babel/types': 7.28.1
      prettier: 3.5.3
      semver: 7.7.2
    transitivePeerDependencies:
      - supports-color

  '@jridgewell/gen-mapping@0.3.12':
    dependencies:
      '@jridgewell/sourcemap-codec': 1.5.4
      '@jridgewell/trace-mapping': 0.3.29

  '@jridgewell/resolve-uri@3.1.2': {}

  '@jridgewell/sourcemap-codec@1.5.4': {}

  '@jridgewell/trace-mapping@0.3.29':
    dependencies:
      '@jridgewell/resolve-uri': 3.1.2
      '@jridgewell/sourcemap-codec': 1.5.4

  '@oxlint/darwin-arm64@0.17.0':
    optional: true

  '@oxlint/darwin-x64@0.17.0':
    optional: true

  '@oxlint/linux-arm64-gnu@0.17.0':
    optional: true

  '@oxlint/linux-arm64-musl@0.17.0':
    optional: true

  '@oxlint/linux-x64-gnu@0.17.0':
    optional: true

  '@oxlint/linux-x64-musl@0.17.0':
    optional: true

  '@oxlint/win32-arm64@0.17.0':
    optional: true

  '@oxlint/win32-x64@0.17.0':
    optional: true

  '@pkgr/core@0.2.7': {}

  debug@4.4.1:
    dependencies:
      ms: 2.1.3

  detect-indent@7.0.1: {}

  detect-newline@4.0.1: {}

  fdir@6.4.5(picomatch@4.0.2):
    optionalDependencies:
      picomatch: 4.0.2

  git-hooks-list@4.1.1: {}

  is-plain-obj@4.1.0: {}

  js-tokens@4.0.0: {}

  jsesc@3.1.0: {}

  ms@2.1.3: {}

  oxlint@0.17.0:
    optionalDependencies:
      '@oxlint/darwin-arm64': 0.17.0
      '@oxlint/darwin-x64': 0.17.0
      '@oxlint/linux-arm64-gnu': 0.17.0
      '@oxlint/linux-arm64-musl': 0.17.0
      '@oxlint/linux-x64-gnu': 0.17.0
      '@oxlint/linux-x64-musl': 0.17.0
      '@oxlint/win32-arm64': 0.17.0
      '@oxlint/win32-x64': 0.17.0

  picocolors@1.1.1: {}

  picomatch@4.0.2: {}

  prettier-plugin-packagejson@2.5.15(prettier@3.5.3):
    dependencies:
      sort-package-json: 3.2.1
      synckit: 0.11.8
    optionalDependencies:
      prettier: 3.5.3

  prettier@3.5.3: {}

  semver@7.7.2: {}

  sort-object-keys@1.1.3: {}

  sort-package-json@3.2.1:
    dependencies:
      detect-indent: 7.0.1
      detect-newline: 4.0.1
      git-hooks-list: 4.1.1
      is-plain-obj: 4.1.0
      semver: 7.7.2
      sort-object-keys: 1.1.3
      tinyglobby: 0.2.14

  synckit@0.11.8:
    dependencies:
      '@pkgr/core': 0.2.7

  tinyglobby@0.2.14:
    dependencies:
      fdir: 6.4.5(picomatch@4.0.2)
      picomatch: 4.0.2

  typescript@5.8.3: {}
