lockfileVersion: '9.0'

settings:
  autoInstallPeers: true
  excludeLinksFromLockfile: false

importers:

  .:
    dependencies:
      '@ianvs/prettier-plugin-sort-imports':
        specifier: ^4.3.1
        version: 4.7.1(prettier@3.8.1)
      prettier-plugin-packagejson:
        specifier: ^3.0.0
        version: 3.0.0(prettier@3.8.1)
    devDependencies:
      oxlint:
        specifier: ^1.11.1
        version: 1.49.0
      prettier:
        specifier: ^3.3.3
        version: 3.8.1
      typescript:
        specifier: ^5.5.4
        version: 5.9.3

packages:

  '@babel/code-frame@7.29.0':
    resolution: {integrity: sha512-9NhCeYjq9+3uxgdtp20LSiJXJvN0FeCtNGpJxuMFZ1Kv3cWUNb6DOhJwUvcVCzKGR66cw4njwM6hrJLqgOwbcw==}
    engines: {node: '>=6.9.0'}

  '@babel/generator@7.29.1':
    resolution: {integrity: sha512-qsaF+9Qcm2Qv8SRIMMscAvG4O3lJ0F1GuMo5HR/Bp02LopNgnZBC/EkbevHFeGs4ls/oPz9v+Bsmzbkbe+0dUw==}
    engines: {node: '>=6.9.0'}

  '@babel/helper-globals@7.28.0':
    resolution: {integrity: sha512-+W6cISkXFa1jXsDEdYA8HeevQT/FULhxzR99pxphltZcVaugps53THCeiWA8SguxxpSp3gKPiuYfSWopkLQ4hw==}
    engines: {node: '>=6.9.0'}

  '@babel/helper-string-parser@7.27.1':
    resolution: {integrity: sha512-qMlSxKbpRlAridDExk92nSobyDdpPijUq2DW6oDnUqd0iOGxmQjyqhMIihI9+zv4LPyZdRje2cavWPbCbWm3eA==}
    engines: {node: '>=6.9.0'}

  '@babel/helper-validator-identifier@7.28.5':
    resolution: {integrity: sha512-qSs4ifwzKJSV39ucNjsvc6WVHs6b7S03sOh2OcHF9UHfVPqWWALUsNUVzhSBiItjRZoLHx7nIarVjqKVusUZ1Q==}
    engines: {node: '>=6.9.0'}

  '@babel/parser@7.29.0':
    resolution: {integrity: sha512-IyDgFV5GeDUVX4YdF/3CPULtVGSXXMLh1xVIgdCgxApktqnQV0r7/8Nqthg+8YLGaAtdyIlo2qIdZrbCv4+7ww==}
    engines: {node: '>=6.0.0'}
    hasBin: true

  '@babel/template@7.28.6':
    resolution: {integrity: sha512-YA6Ma2KsCdGb+WC6UpBVFJGXL58MDA6oyONbjyF/+5sBgxY/dwkhLogbMT2GXXyU84/IhRw/2D1Os1B/giz+BQ==}
    engines: {node: '>=6.9.0'}

  '@babel/traverse@7.29.0':
    resolution: {integrity: sha512-4HPiQr0X7+waHfyXPZpWPfWL/J7dcN1mx9gL6WdQVMbPnF3+ZhSMs8tCxN7oHddJE9fhNE7+lxdnlyemKfJRuA==}
    engines: {node: '>=6.9.0'}

  '@babel/types@7.29.0':
    resolution: {integrity: sha512-LwdZHpScM4Qz8Xw2iKSzS+cfglZzJGvofQICy7W7v4caru4EaAmyUuO6BGrbyQ2mYV11W0U8j5mBhd14dd3B0A==}
    engines: {node: '>=6.9.0'}

  '@ianvs/prettier-plugin-sort-imports@4.7.1':
    resolution: {integrity: sha512-jmTNYGlg95tlsoG3JLCcuC4BrFELJtLirLAkQW/71lXSyOhVt/Xj7xWbbGcuVbNq1gwWgSyMrPjJc9Z30hynVw==}
    peerDependencies:
      '@prettier/plugin-oxc': ^0.0.4 || ^0.1.0
      '@vue/compiler-sfc': 2.7.x || 3.x
      content-tag: ^4.0.0
      prettier: 2 || 3 || ^4.0.0-0
      prettier-plugin-ember-template-tag: ^2.1.0
    peerDependenciesMeta:
      '@prettier/plugin-oxc':
        optional: true
      '@vue/compiler-sfc':
        optional: true
      content-tag:
        optional: true
      prettier-plugin-ember-template-tag:
        optional: true

  '@jridgewell/gen-mapping@0.3.13':
    resolution: {integrity: sha512-2kkt/7niJ6MgEPxF0bYdQ6etZaA+fQvDcLKckhy1yIQOzaoKjBBjSj63/aLVjYE3qhRt5dvM+uUyfCg6UKCBbA==}

  '@jridgewell/resolve-uri@3.1.2':
    resolution: {integrity: sha512-bRISgCIjP20/tbWSPWMEi54QVPRZExkuD9lJL+UIxUKtwVJA8wW1Trb1jMs1RFXo1CBTNZ/5hpC9QvmKWdopKw==}
    engines: {node: '>=6.0.0'}

  '@jridgewell/sourcemap-codec@1.5.5':
    resolution: {integrity: sha512-cYQ9310grqxueWbl+WuIUIaiUaDcj7WOq5fVhEljNVgRfOUhY9fy2zTvfoqWsnebh8Sl70VScFbICvJnLKB0Og==}

  '@jridgewell/trace-mapping@0.3.31':
    resolution: {integrity: sha512-zzNR+SdQSDJzc8joaeP8QQoCQr8NuYx2dIIytl1QeBEZHJ9uW6hebsrYgbz8hJwUQao3TWCMtmfV8Nu1twOLAw==}

  '@oxlint/binding-android-arm-eabi@1.49.0':
    resolution: {integrity: sha512-2WPoh/2oK9r/i2R4o4J18AOrm3HVlWiHZ8TnuCaS4dX8m5ZzRmHW0I3eLxEurQLHWVruhQN7fHgZnah+ag5iQg==}
    engines: {node: ^20.19.0 || >=22.12.0}
    cpu: [arm]
    os: [android]

  '@oxlint/binding-android-arm64@1.49.0':
    resolution: {integrity: sha512-YqJAGvNB11EzoKm1euVhZntb79alhMvWW/j12bYqdvVxn6xzEQWrEDCJg9BPo3A3tBCSUBKH7bVkAiCBqK/L1w==}
    engines: {node: ^20.19.0 || >=22.12.0}
    cpu: [arm64]
    os: [android]

  '@oxlint/binding-darwin-arm64@1.49.0':
    resolution: {integrity: sha512-WFocCRlvVkMhChCJ2qpJfp1Gj/IjvyjuifH9Pex8m8yHonxxQa3d8DZYreuDQU3T4jvSY8rqhoRqnpc61Nlbxw==}
    engines: {node: ^20.19.0 || >=22.12.0}
    cpu: [arm64]
    os: [darwin]

  '@oxlint/binding-darwin-x64@1.49.0':
    resolution: {integrity: sha512-BN0KniwvehbUfYztOMwEDkYoojGm/narf5oJf+/ap+6PnzMeWLezMaVARNIS0j3OdMkjHTEP8s3+GdPJ7WDywQ==}
    engines: {node: ^20.19.0 || >=22.12.0}
    cpu: [x64]
    os: [darwin]

  '@oxlint/binding-freebsd-x64@1.49.0':
    resolution: {integrity: sha512-SnkAc/DPIY6joMCiP/+53Q+N2UOGMU6ULvbztpmvPJNF/jYPGhNbKtN982uj2Gs6fpbxYkmyj08QnpkD4fbHJA==}
    engines: {node: ^20.19.0 || >=22.12.0}
    cpu: [x64]
    os: [freebsd]

  '@oxlint/binding-linux-arm-gnueabihf@1.49.0':
    resolution: {integrity: sha512-6Z3EzRvpQVIpO7uFhdiGhdE8Mh3S2VWKLL9xuxVqD6fzPhyI3ugthpYXlCChXzO8FzcYIZ3t1+Kau+h2NY1hqA==}
    engines: {node: ^20.19.0 || >=22.12.0}
    cpu: [arm]
    os: [linux]

  '@oxlint/binding-linux-arm-musleabihf@1.49.0':
    resolution: {integrity: sha512-wdjXaQYAL/L25732mLlngfst4Jdmi/HLPVHb3yfCoP5mE3lO/pFFrmOJpqWodgv29suWY74Ij+RmJ/YIG5VuzQ==}
    engines: {node: ^20.19.0 || >=22.12.0}
    cpu: [arm]
    os: [linux]

  '@oxlint/binding-linux-arm64-gnu@1.49.0':
    resolution: {integrity: sha512-oSHpm8zmSvAG1BWUumbDRSg7moJbnwoEXKAkwDf/xTQJOzvbUknq95NVQdw/AduZr5dePftalB8rzJNGBogUMg==}
    engines: {node: ^20.19.0 || >=22.12.0}
    cpu: [arm64]
    os: [linux]

  '@oxlint/binding-linux-arm64-musl@1.49.0':
    resolution: {integrity: sha512-xeqkMOARgGBlEg9BQuPDf6ZW711X6BT5qjDyeM5XNowCJeTSdmMhpePJjTEiVbbr3t21sIlK8RE6X5bc04nWyQ==}
    engines: {node: ^20.19.0 || >=22.12.0}
    cpu: [arm64]
    os: [linux]

  '@oxlint/binding-linux-ppc64-gnu@1.49.0':
    resolution: {integrity: sha512-uvcqRO6PnlJGbL7TeePhTK5+7/JXbxGbN+C6FVmfICDeeRomgQqrfVjf0lUrVpUU8ii8TSkIbNdft3M+oNlOsQ==}
    engines: {node: ^20.19.0 || >=22.12.0}
    cpu: [ppc64]
    os: [linux]

  '@oxlint/binding-linux-riscv64-gnu@1.49.0':
    resolution: {integrity: sha512-Dw1HkdXAwHNH+ZDserHP2RzXQmhHtpsYYI0hf8fuGAVCIVwvS6w1+InLxpPMY25P8ASRNiFN3hADtoh6lI+4lg==}
    engines: {node: ^20.19.0 || >=22.12.0}
    cpu: [riscv64]
    os: [linux]

  '@oxlint/binding-linux-riscv64-musl@1.49.0':
    resolution: {integrity: sha512-EPlMYaA05tJ9km/0dI9K57iuMq3Tw+nHst7TNIegAJZrBPtsOtYaMFZEaWj02HA8FI5QvSnRHMt+CI+RIhXJBQ==}
    engines: {node: ^20.19.0 || >=22.12.0}
    cpu: [riscv64]
    os: [linux]

  '@oxlint/binding-linux-s390x-gnu@1.49.0':
    resolution: {integrity: sha512-yZiQL9qEwse34aMbnMb5VqiAWfDY+fLFuoJbHOuzB1OaJZbN1MRF9Nk+W89PIpGr5DNPDipwjZb8+Q7wOywoUQ==}
    engines: {node: ^20.19.0 || >=22.12.0}
    cpu: [s390x]
    os: [linux]

  '@oxlint/binding-linux-x64-gnu@1.49.0':
    resolution: {integrity: sha512-CcCDwMMXSchNkhdgvhVn3DLZ4EnBXAD8o8+gRzahg+IdSt/72y19xBgShJgadIRF0TsRcV/MhDUMwL5N/W54aQ==}
    engines: {node: ^20.19.0 || >=22.12.0}
    cpu: [x64]
    os: [linux]

  '@oxlint/binding-linux-x64-musl@1.49.0':
    resolution: {integrity: sha512-u3HfKV8BV6t6UCCbN0RRiyqcymhrnpunVmLFI8sEa5S/EBu+p/0bJ3D7LZ2KT6PsBbrB71SWq4DeFrskOVgIZg==}
    engines: {node: ^20.19.0 || >=22.12.0}
    cpu: [x64]
    os: [linux]

  '@oxlint/binding-openharmony-arm64@1.49.0':
    resolution: {integrity: sha512-dRDpH9fw+oeUMpM4br0taYCFpW6jQtOuEIec89rOgDA1YhqwmeRcx0XYeCv7U48p57qJ1XZHeMGM9LdItIjfzA==}
    engines: {node: ^20.19.0 || >=22.12.0}
    cpu: [arm64]
    os: [openharmony]

  '@oxlint/binding-win32-arm64-msvc@1.49.0':
    resolution: {integrity: sha512-6rrKe/wL9tn0qnOy76i1/0f4Dc3dtQnibGlU4HqR/brVHlVjzLSoaH0gAFnLnznh9yQ6gcFTBFOPrcN/eKPDGA==}
    engines: {node: ^20.19.0 || >=22.12.0}
    cpu: [arm64]
    os: [win32]

  '@oxlint/binding-win32-ia32-msvc@1.49.0':
    resolution: {integrity: sha512-CXHLWAtLs2xG/aVy1OZiYJzrULlq0QkYpI6cd7VKMrab+qur4fXVE/B1Bp1m0h1qKTj5/FTGg6oU4qaXMjS/ug==}
    engines: {node: ^20.19.0 || >=22.12.0}
    cpu: [ia32]
    os: [win32]

  '@oxlint/binding-win32-x64-msvc@1.49.0':
    resolution: {integrity: sha512-VteIelt78kwzSglOozaQcs6BCS4Lk0j+QA+hGV0W8UeyaqQ3XpbZRhDU55NW1PPvCy1tg4VXsTlEaPovqto7nQ==}
    engines: {node: ^20.19.0 || >=22.12.0}
    cpu: [x64]
    os: [win32]

  debug@4.4.3:
    resolution: {integrity: sha512-RGwwWnwQvkVfavKVt22FGLw+xYSdzARwm0ru6DhTVA3umU5hZc28V3kO4stgYryrTlLpuvgI9GiijltAjNbcqA==}
    engines: {node: '>=6.0'}
    peerDependencies:
      supports-color: '*'
    peerDependenciesMeta:
      supports-color:
        optional: true

  detect-indent@7.0.2:
    resolution: {integrity: sha512-y+8xyqdGLL+6sh0tVeHcfP/QDd8gUgbasolJJpY7NgeQGSZ739bDtSiaiDgtoicy+mtYB81dKLxO9xRhCyIB3A==}
    engines: {node: '>=12.20'}

  detect-newline@4.0.1:
    resolution: {integrity: sha512-qE3Veg1YXzGHQhlA6jzebZN2qVf6NX+A7m7qlhCGG30dJixrAQhYOsJjsnBjJkCSmuOPpCk30145fr8FV0bzog==}
    engines: {node: ^12.20.0 || ^14.13.1 || >=16.0.0}

  fdir@6.5.0:
    resolution: {integrity: sha512-tIbYtZbucOs0BRGqPJkshJUYdL+SDH7dVM8gjy+ERp3WAUjLEFJE+02kanyHtwjWOnwrKYBiwAmM0p4kLJAnXg==}
    engines: {node: '>=12.0.0'}
    peerDependencies:
      picomatch: ^3 || ^4
    peerDependenciesMeta:
      picomatch:
        optional: true

  git-hooks-list@4.2.1:
    resolution: {integrity: sha512-WNvqJjOxxs/8ZP9+DWdwWJ7cDsd60NHf39XnD82pDVrKO5q7xfPqpkK6hwEAmBa/ZSEE4IOoR75EzbbIuwGlMw==}

  is-plain-obj@4.1.0:
    resolution: {integrity: sha512-+Pgi+vMuUNkJyExiMBt5IlFoMyKnr5zhJ4Uspz58WOhBF5QoIZkFyNHIbBAtHwzVAgk5RtndVNsDRN61/mmDqg==}
    engines: {node: '>=12'}

  js-tokens@4.0.0:
    resolution: {integrity: sha512-RdJUflcE3cUzKiMqQgsCu06FPu9UdIJO0beYbPhHN4k6apgJtifcoCtT9bcxOpYBtpD2kCM6Sbzg4CausW/PKQ==}

  jsesc@3.1.0:
    resolution: {integrity: sha512-/sM3dO2FOzXjKQhJuo0Q173wf2KOo8t4I8vHy6lF9poUp7bKT0/NHE8fPX23PwfhnykfqnC2xRxOnVw5XuGIaA==}
    engines: {node: '>=6'}
    hasBin: true

  ms@2.1.3:
    resolution: {integrity: sha512-6FlzubTLZG3J2a/NVCAleEhjzq5oxgHyaCU9yYXvcLsvoVaHJq/s5xXI6/XXP6tz7R9xAOtHnSO/tXtF3WRTlA==}

  oxlint@1.49.0:
    resolution: {integrity: sha512-YZffp0gM+63CJoRhHjtjRnwKtAgUnXM6j63YQ++aigji2NVvLGsUlrXo9gJUXZOdcbfShLYtA6RuTu8GZ4lzOQ==}
    engines: {node: ^20.19.0 || >=22.12.0}
    hasBin: true
    peerDependencies:
      oxlint-tsgolint: '>=0.14.1'
    peerDependenciesMeta:
      oxlint-tsgolint:
        optional: true

  picocolors@1.1.1:
    resolution: {integrity: sha512-xceH2snhtb5M9liqDsmEw56le376mTZkEX/jEb/RxNFyegNul7eNslCXP9FDj/Lcu0X8KEyMceP2ntpaHrDEVA==}

  picomatch@4.0.3:
    resolution: {integrity: sha512-5gTmgEY/sqK6gFXLIsQNH19lWb4ebPDLA4SdLP7dsWkIXHWlG66oPuVvXSGFPppYZz8ZDZq0dYYrbHfBCVUb1Q==}
    engines: {node: '>=12'}

  prettier-plugin-packagejson@3.0.0:
    resolution: {integrity: sha512-z8/QmPSqx/ANvvQMWJSkSq1+ihBXeuwDEYdjX3ZjRJ5Ty1k7vGbFQfhzk2eDe0rwS/TNyRjWK/qnjJEStAOtDw==}
    peerDependencies:
      prettier: ^3
    peerDependenciesMeta:
      prettier:
        optional: true

  prettier@3.8.1:
    resolution: {integrity: sha512-UOnG6LftzbdaHZcKoPFtOcCKztrQ57WkHDeRD9t/PTQtmT0NHSeWWepj6pS0z/N7+08BHFDQVUrfmfMRcZwbMg==}
    engines: {node: '>=14'}
    hasBin: true

  semver@7.7.3:
    resolution: {integrity: sha512-SdsKMrI9TdgjdweUSR9MweHA4EJ8YxHn8DFaDisvhVlUOe4BF1tLD7GAj0lIqWVl+dPb/rExr0Btby5loQm20Q==}
    engines: {node: '>=10'}
    hasBin: true

  semver@7.7.4:
    resolution: {integrity: sha512-vFKC2IEtQnVhpT78h1Yp8wzwrf8CM+MzKMHGJZfBtzhZNycRFnXsHk6E5TxIkkMsgNS7mdX3AGB7x2QM2di4lA==}
    engines: {node: '>=10'}
    hasBin: true

  sort-object-keys@2.1.0:
    resolution: {integrity: sha512-SOiEnthkJKPv2L6ec6HMwhUcN0/lppkeYuN1x63PbyPRrgSPIuBJCiYxYyvWRTtjMlOi14vQUCGUJqS6PLVm8g==}

  sort-package-json@3.6.0:
    resolution: {integrity: sha512-fyJsPLhWvY7u2KsKPZn1PixbXp+1m7V8NWqU8CvgFRbMEX41Ffw1kD8n0CfJiGoaSfoAvbrqRRl/DcHO8omQOQ==}
    engines: {node: '>=20'}
    hasBin: true

  tinyglobby@0.2.15:
    resolution: {integrity: sha512-j2Zq4NyQYG5XMST4cbs02Ak8iJUdxRM0XI5QyxXuZOzKOINmWurp3smXu3y5wDcJrptwpSjgXHzIQxR0omXljQ==}
    engines: {node: '>=12.0.0'}

  typescript@5.9.3:
    resolution: {integrity: sha512-jl1vZzPDinLr9eUt3J/t7V6FgNEw9QjvBPdysz9KfQDD41fQrC2Y4vKQdiaUpFT4bXlb1RHhLpp8wtm6M5TgSw==}
    engines: {node: '>=14.17'}
    hasBin: true

snapshots:

  '@babel/code-frame@7.29.0':
    dependencies:
      '@babel/helper-validator-identifier': 7.28.5
      js-tokens: 4.0.0
      picocolors: 1.1.1

  '@babel/generator@7.29.1':
    dependencies:
      '@babel/parser': 7.29.0
      '@babel/types': 7.29.0
      '@jridgewell/gen-mapping': 0.3.13
      '@jridgewell/trace-mapping': 0.3.31
      jsesc: 3.1.0

  '@babel/helper-globals@7.28.0': {}

  '@babel/helper-string-parser@7.27.1': {}

  '@babel/helper-validator-identifier@7.28.5': {}

  '@babel/parser@7.29.0':
    dependencies:
      '@babel/types': 7.29.0

  '@babel/template@7.28.6':
    dependencies:
      '@babel/code-frame': 7.29.0
      '@babel/parser': 7.29.0
      '@babel/types': 7.29.0

  '@babel/traverse@7.29.0':
    dependencies:
      '@babel/code-frame': 7.29.0
      '@babel/generator': 7.29.1
      '@babel/helper-globals': 7.28.0
      '@babel/parser': 7.29.0
      '@babel/template': 7.28.6
      '@babel/types': 7.29.0
      debug: 4.4.3
    transitivePeerDependencies:
      - supports-color

  '@babel/types@7.29.0':
    dependencies:
      '@babel/helper-string-parser': 7.27.1
      '@babel/helper-validator-identifier': 7.28.5

  '@ianvs/prettier-plugin-sort-imports@4.7.1(prettier@3.8.1)':
    dependencies:
      '@babel/generator': 7.29.1
      '@babel/parser': 7.29.0
      '@babel/traverse': 7.29.0
      '@babel/types': 7.29.0
      prettier: 3.8.1
      semver: 7.7.4
    transitivePeerDependencies:
      - supports-color

  '@jridgewell/gen-mapping@0.3.13':
    dependencies:
      '@jridgewell/sourcemap-codec': 1.5.5
      '@jridgewell/trace-mapping': 0.3.31

  '@jridgewell/resolve-uri@3.1.2': {}

  '@jridgewell/sourcemap-codec@1.5.5': {}

  '@jridgewell/trace-mapping@0.3.31':
    dependencies:
      '@jridgewell/resolve-uri': 3.1.2
      '@jridgewell/sourcemap-codec': 1.5.5

  '@oxlint/binding-android-arm-eabi@1.49.0':
    optional: true

  '@oxlint/binding-android-arm64@1.49.0':
    optional: true

  '@oxlint/binding-darwin-arm64@1.49.0':
    optional: true

  '@oxlint/binding-darwin-x64@1.49.0':
    optional: true

  '@oxlint/binding-freebsd-x64@1.49.0':
    optional: true

  '@oxlint/binding-linux-arm-gnueabihf@1.49.0':
    optional: true

  '@oxlint/binding-linux-arm-musleabihf@1.49.0':
    optional: true

  '@oxlint/binding-linux-arm64-gnu@1.49.0':
    optional: true

  '@oxlint/binding-linux-arm64-musl@1.49.0':
    optional: true

  '@oxlint/binding-linux-ppc64-gnu@1.49.0':
    optional: true

  '@oxlint/binding-linux-riscv64-gnu@1.49.0':
    optional: true

  '@oxlint/binding-linux-riscv64-musl@1.49.0':
    optional: true

  '@oxlint/binding-linux-s390x-gnu@1.49.0':
    optional: true

  '@oxlint/binding-linux-x64-gnu@1.49.0':
    optional: true

  '@oxlint/binding-linux-x64-musl@1.49.0':
    optional: true

  '@oxlint/binding-openharmony-arm64@1.49.0':
    optional: true

  '@oxlint/binding-win32-arm64-msvc@1.49.0':
    optional: true

  '@oxlint/binding-win32-ia32-msvc@1.49.0':
    optional: true

  '@oxlint/binding-win32-x64-msvc@1.49.0':
    optional: true

  debug@4.4.3:
    dependencies:
      ms: 2.1.3

  detect-indent@7.0.2: {}

  detect-newline@4.0.1: {}

  fdir@6.5.0(picomatch@4.0.3):
    optionalDependencies:
      picomatch: 4.0.3

  git-hooks-list@4.2.1: {}

  is-plain-obj@4.1.0: {}

  js-tokens@4.0.0: {}

  jsesc@3.1.0: {}

  ms@2.1.3: {}

  oxlint@1.49.0:
    optionalDependencies:
      '@oxlint/binding-android-arm-eabi': 1.49.0
      '@oxlint/binding-android-arm64': 1.49.0
      '@oxlint/binding-darwin-arm64': 1.49.0
      '@oxlint/binding-darwin-x64': 1.49.0
      '@oxlint/binding-freebsd-x64': 1.49.0
      '@oxlint/binding-linux-arm-gnueabihf': 1.49.0
      '@oxlint/binding-linux-arm-musleabihf': 1.49.0
      '@oxlint/binding-linux-arm64-gnu': 1.49.0
      '@oxlint/binding-linux-arm64-musl': 1.49.0
      '@oxlint/binding-linux-ppc64-gnu': 1.49.0
      '@oxlint/binding-linux-riscv64-gnu': 1.49.0
      '@oxlint/binding-linux-riscv64-musl': 1.49.0
      '@oxlint/binding-linux-s390x-gnu': 1.49.0
      '@oxlint/binding-linux-x64-gnu': 1.49.0
      '@oxlint/binding-linux-x64-musl': 1.49.0
      '@oxlint/binding-openharmony-arm64': 1.49.0
      '@oxlint/binding-win32-arm64-msvc': 1.49.0
      '@oxlint/binding-win32-ia32-msvc': 1.49.0
      '@oxlint/binding-win32-x64-msvc': 1.49.0

  picocolors@1.1.1: {}

  picomatch@4.0.3: {}

  prettier-plugin-packagejson@3.0.0(prettier@3.8.1):
    dependencies:
      sort-package-json: 3.6.0
    optionalDependencies:
      prettier: 3.8.1

  prettier@3.8.1: {}

  semver@7.7.3: {}

  semver@7.7.4: {}

  sort-object-keys@2.1.0: {}

  sort-package-json@3.6.0:
    dependencies:
      detect-indent: 7.0.2
      detect-newline: 4.0.1
      git-hooks-list: 4.2.1
      is-plain-obj: 4.1.0
      semver: 7.7.3
      sort-object-keys: 2.1.0
      tinyglobby: 0.2.15

  tinyglobby@0.2.15:
    dependencies:
      fdir: 6.5.0(picomatch@4.0.3)
      picomatch: 4.0.3

  typescript@5.9.3: {}
