lockfileVersion: '9.0'

settings:
  autoInstallPeers: true
  excludeLinksFromLockfile: false

importers:

  .:
    dependencies:
      '@ianvs/prettier-plugin-sort-imports':
        specifier: ^4.3.1
        version: 4.4.2(prettier@3.5.3)
      prettier-plugin-packagejson:
        specifier: ^2.5.1
        version: 2.5.15(prettier@3.5.3)
    devDependencies:
      oxlint:
        specifier: ^1.3.0
        version: 1.3.0
      prettier:
        specifier: ^3.3.3
        version: 3.5.3
      typescript:
        specifier: ^5.5.4
        version: 5.8.3

packages:

  '@babel/code-frame@7.26.2':
    resolution: {integrity: sha512-RJlIHRueQgwWitWgF8OdFYGZX328Ax5BCemNGlqHfplnRT9ESi8JkFlvaVYbS+UubVY6dpv87Fs2u5M29iNFVQ==}
    engines: {node: '>=6.9.0'}

  '@babel/generator@7.26.5':
    resolution: {integrity: sha512-2caSP6fN9I7HOe6nqhtft7V4g7/V/gfDsC3Ag4W7kEzzvRGKqiv0pu0HogPiZ3KaVSoNDhUws6IJjDjpfmYIXw==}
    engines: {node: '>=6.9.0'}

  '@babel/helper-string-parser@7.25.9':
    resolution: {integrity: sha512-4A/SCr/2KLd5jrtOMFzaKjVtAei3+2r/NChoBNoZ3EyP/+GlhoaEGoWOZUmFmoITP7zOJyHIMm+DYRd8o3PvHA==}
    engines: {node: '>=6.9.0'}

  '@babel/helper-validator-identifier@7.25.9':
    resolution: {integrity: sha512-Ed61U6XJc3CVRfkERJWDz4dJwKe7iLmmJsbOGu9wSloNSFttHV0I8g6UAgb7qnK5ly5bGLPd4oXZlxCdANBOWQ==}
    engines: {node: '>=6.9.0'}

  '@babel/parser@7.26.5':
    resolution: {integrity: sha512-SRJ4jYmXRqV1/Xc+TIVG84WjHBXKlxO9sHQnA2Pf12QQEAp1LOh6kDzNHXcUnbH1QI0FDoPPVOt+vyUDucxpaw==}
    engines: {node: '>=6.0.0'}
    hasBin: true

  '@babel/template@7.25.9':
    resolution: {integrity: sha512-9DGttpmPvIxBb/2uwpVo3dqJ+O6RooAFOS+lB+xDqoE2PVCE8nfoHMdZLpfCQRLwvohzXISPZcgxt80xLfsuwg==}
    engines: {node: '>=6.9.0'}

  '@babel/traverse@7.26.5':
    resolution: {integrity: sha512-rkOSPOw+AXbgtwUga3U4u8RpoK9FEFWBNAlTpcnkLFjL5CT+oyHNuUUC/xx6XefEJ16r38r8Bc/lfp6rYuHeJQ==}
    engines: {node: '>=6.9.0'}

  '@babel/types@7.26.5':
    resolution: {integrity: sha512-L6mZmwFDK6Cjh1nRCLXpa6no13ZIioJDz7mdkzHv399pThrTa/k0nUlNaenOeh2kWu/iaOQYElEpKPUswUa9Vg==}
    engines: {node: '>=6.9.0'}

  '@ianvs/prettier-plugin-sort-imports@4.4.2':
    resolution: {integrity: sha512-KkVFy3TLh0OFzimbZglMmORi+vL/i2OFhEs5M07R9w0IwWAGpsNNyE4CY/2u0YoMF5bawKC2+8/fUH60nnNtjw==}
    peerDependencies:
      '@vue/compiler-sfc': 2.7.x || 3.x
      prettier: 2 || 3 || ^4.0.0-0
    peerDependenciesMeta:
      '@vue/compiler-sfc':
        optional: true

  '@jridgewell/gen-mapping@0.3.8':
    resolution: {integrity: sha512-imAbBGkb+ebQyxKgzv5Hu2nmROxoDOXHh80evxdoXNOrvAnVx7zimzc1Oo5h9RlfV4vPXaE2iM5pOFbvOCClWA==}
    engines: {node: '>=6.0.0'}

  '@jridgewell/resolve-uri@3.1.2':
    resolution: {integrity: sha512-bRISgCIjP20/tbWSPWMEi54QVPRZExkuD9lJL+UIxUKtwVJA8wW1Trb1jMs1RFXo1CBTNZ/5hpC9QvmKWdopKw==}
    engines: {node: '>=6.0.0'}

  '@jridgewell/set-array@1.2.1':
    resolution: {integrity: sha512-R8gLRTZeyp03ymzP/6Lil/28tGeGEzhx1q2k703KGWRAI1VdvPIXdG70VJc2pAMw3NA6JKL5hhFu1sJX0Mnn/A==}
    engines: {node: '>=6.0.0'}

  '@jridgewell/sourcemap-codec@1.5.0':
    resolution: {integrity: sha512-gv3ZRaISU3fjPAgNsriBRqGWQL6quFx04YMPW/zD8XMLsU32mhCCbfbO6KZFLjvYpCZ8zyDEgqsgf+PwPaM7GQ==}

  '@jridgewell/trace-mapping@0.3.25':
    resolution: {integrity: sha512-vNk6aEwybGtawWmy/PzwnGDOjCkLWSD2wqvjGGAgOAwCGWySYXfYoxt00IJkTF+8Lb57DwOb3Aa0o9CApepiYQ==}

  '@oxlint/darwin-arm64@1.3.0':
    resolution: {integrity: sha512-TcCaETXYfiEfS+u/gZNND4WwEEtnJJjqg8BIC56WiCQDduYTvmmbQ0vxtqdNXlFzlvmRpZCSs7qaqXNy8/8FLA==}
    cpu: [arm64]
    os: [darwin]

  '@oxlint/darwin-x64@1.3.0':
    resolution: {integrity: sha512-REgq9s1ZWuh++Vi+mUPNddLTp/D+iu+T8nLd3QM1dzQoBD/SZ7wRX3Mdv8QGT/m8dknmDBQuKAP6T47ox9HRSA==}
    cpu: [x64]
    os: [darwin]

  '@oxlint/linux-arm64-gnu@1.3.0':
    resolution: {integrity: sha512-QAS8AWKDcDeUe8mJaw/pF2D9+js8FbFTo75AiekZKNm9V6QAAiCkyvesmILD8RrStw9aV2D/apOD71vsfcDoGA==}
    cpu: [arm64]
    os: [linux]

  '@oxlint/linux-arm64-musl@1.3.0':
    resolution: {integrity: sha512-rAbz0KFkk5GPdERoFO4ZUZmVkECnHXjRG0O2MeT5zY7ddlyZUjEk1cWjw+HCtWVdKkqhZJeNFMuEiRLkpzBIIw==}
    cpu: [arm64]
    os: [linux]

  '@oxlint/linux-x64-gnu@1.3.0':
    resolution: {integrity: sha512-6uLO1WsJwCtVNGHtjXwg2TRvxQYttYJKMjSdv6RUXGWY1AI+/+yHzvu+phU/F40uNC7CFhFnqWDuPaSZ49hdAQ==}
    cpu: [x64]
    os: [linux]

  '@oxlint/linux-x64-musl@1.3.0':
    resolution: {integrity: sha512-+vrmJUHgtJmgIo+L9eTP04NI/OQNCOZtQo6I49qGWc9cpr+0MnIh9KMcyAOxmzVTF5g+CF1I/1bUz4pk4I3LDw==}
    cpu: [x64]
    os: [linux]

  '@oxlint/win32-arm64@1.3.0':
    resolution: {integrity: sha512-k+ETUVl+O3b8Rcd2PP5V3LqQ2QoN/TOX2f19XXHZEynbVLY3twLYPb3hLdXqoo7CKRq3RJdTfn1upHH48/qrZQ==}
    cpu: [arm64]
    os: [win32]

  '@oxlint/win32-x64@1.3.0':
    resolution: {integrity: sha512-nWSgK0fT02TQ/BiAUCd13BaobtHySkCDcQaL+NOmhgeb0tNWjtYiktuluahaIqFcYJPWczVlbs8DU/Eqo8vsug==}
    cpu: [x64]
    os: [win32]

  '@pkgr/core@0.2.7':
    resolution: {integrity: sha512-YLT9Zo3oNPJoBjBc4q8G2mjU4tqIbf5CEOORbUUr48dCD9q3umJ3IPlVqOqDakPfd2HuwccBaqlGhN4Gmr5OWg==}
    engines: {node: ^12.20.0 || ^14.18.0 || >=16.0.0}

  debug@4.4.0:
    resolution: {integrity: sha512-6WTZ/IxCY/T6BALoZHaE4ctp9xm+Z5kY/pzYaCHRFeyVhojxlrm+46y68HA6hr0TcwEssoxNiDEUJQjfPZ/RYA==}
    engines: {node: '>=6.0'}
    peerDependencies:
      supports-color: '*'
    peerDependenciesMeta:
      supports-color:
        optional: true

  detect-indent@7.0.1:
    resolution: {integrity: sha512-Mc7QhQ8s+cLrnUfU/Ji94vG/r8M26m8f++vyres4ZoojaRDpZ1eSIh/EpzLNwlWuvzSZ3UbDFspjFvTDXe6e/g==}
    engines: {node: '>=12.20'}

  detect-newline@4.0.1:
    resolution: {integrity: sha512-qE3Veg1YXzGHQhlA6jzebZN2qVf6NX+A7m7qlhCGG30dJixrAQhYOsJjsnBjJkCSmuOPpCk30145fr8FV0bzog==}
    engines: {node: ^12.20.0 || ^14.13.1 || >=16.0.0}

  fdir@6.4.5:
    resolution: {integrity: sha512-4BG7puHpVsIYxZUbiUE3RqGloLaSSwzYie5jvasC4LWuBWzZawynvYouhjbQKw2JuIGYdm0DzIxl8iVidKlUEw==}
    peerDependencies:
      picomatch: ^3 || ^4
    peerDependenciesMeta:
      picomatch:
        optional: true

  git-hooks-list@4.1.1:
    resolution: {integrity: sha512-cmP497iLq54AZnv4YRAEMnEyQ1eIn4tGKbmswqwmFV4GBnAqE8NLtWxxdXa++AalfgL5EBH4IxTPyquEuGY/jA==}

  globals@11.12.0:
    resolution: {integrity: sha512-WOBp/EEGUiIsJSp7wcv/y6MO+lV9UoncWqxuFfm8eBwzWNgyfBd6Gz+IeKQ9jCmyhoH99g15M3T+QaVHFjizVA==}
    engines: {node: '>=4'}

  is-plain-obj@4.1.0:
    resolution: {integrity: sha512-+Pgi+vMuUNkJyExiMBt5IlFoMyKnr5zhJ4Uspz58WOhBF5QoIZkFyNHIbBAtHwzVAgk5RtndVNsDRN61/mmDqg==}
    engines: {node: '>=12'}

  js-tokens@4.0.0:
    resolution: {integrity: sha512-RdJUflcE3cUzKiMqQgsCu06FPu9UdIJO0beYbPhHN4k6apgJtifcoCtT9bcxOpYBtpD2kCM6Sbzg4CausW/PKQ==}

  jsesc@3.1.0:
    resolution: {integrity: sha512-/sM3dO2FOzXjKQhJuo0Q173wf2KOo8t4I8vHy6lF9poUp7bKT0/NHE8fPX23PwfhnykfqnC2xRxOnVw5XuGIaA==}
    engines: {node: '>=6'}
    hasBin: true

  ms@2.1.3:
    resolution: {integrity: sha512-6FlzubTLZG3J2a/NVCAleEhjzq5oxgHyaCU9yYXvcLsvoVaHJq/s5xXI6/XXP6tz7R9xAOtHnSO/tXtF3WRTlA==}

  oxlint@1.3.0:
    resolution: {integrity: sha512-PzAOmPxnXYpVF1q6h9pkOPH6uJ/44XrtFWJ8JcEMpoEq9HISNelD3lXhACtOAW8CArjLy/qSlu2KkyPxnXgctA==}
    engines: {node: '>=8.*'}
    hasBin: true

  picocolors@1.1.1:
    resolution: {integrity: sha512-xceH2snhtb5M9liqDsmEw56le376mTZkEX/jEb/RxNFyegNul7eNslCXP9FDj/Lcu0X8KEyMceP2ntpaHrDEVA==}

  picomatch@4.0.2:
    resolution: {integrity: sha512-M7BAV6Rlcy5u+m6oPhAPFgJTzAioX/6B0DxyvDlo9l8+T3nLKbrczg2WLUyzd45L8RqfUMyGPzekbMvX2Ldkwg==}
    engines: {node: '>=12'}

  prettier-plugin-packagejson@2.5.15:
    resolution: {integrity: sha512-2QSx6y4IT6LTwXtCvXAopENW5IP/aujC8fobEM2pDbs0IGkiVjW/ipPuYAHuXigbNe64aGWF7vIetukuzM3CBw==}
    peerDependencies:
      prettier: '>= 1.16.0'
    peerDependenciesMeta:
      prettier:
        optional: true

  prettier@3.5.3:
    resolution: {integrity: sha512-QQtaxnoDJeAkDvDKWCLiwIXkTgRhwYDEQCghU9Z6q03iyek/rxRh/2lC3HB7P8sWT2xC/y5JDctPLBIGzHKbhw==}
    engines: {node: '>=14'}
    hasBin: true

  semver@7.6.3:
    resolution: {integrity: sha512-oVekP1cKtI+CTDvHWYFUcMtsK/00wmAEfyqKfNdARm8u1wNVhSgaX7A8d4UuIlUI5e84iEwOhs7ZPYRmzU9U6A==}
    engines: {node: '>=10'}
    hasBin: true

  semver@7.7.2:
    resolution: {integrity: sha512-RF0Fw+rO5AMf9MAyaRXI4AV0Ulj5lMHqVxxdSgiVbixSCXoEmmX/jk0CuJw4+3SqroYO9VoUh+HcuJivvtJemA==}
    engines: {node: '>=10'}
    hasBin: true

  sort-object-keys@1.1.3:
    resolution: {integrity: sha512-855pvK+VkU7PaKYPc+Jjnmt4EzejQHyhhF33q31qG8x7maDzkeFhAAThdCYay11CISO+qAMwjOBP+fPZe0IPyg==}

  sort-package-json@3.2.1:
    resolution: {integrity: sha512-rTfRdb20vuoAn7LDlEtCqOkYfl2X+Qze6cLbNOzcDpbmKEhJI30tTN44d5shbKJnXsvz24QQhlCm81Bag7EOKg==}
    hasBin: true

  synckit@0.11.8:
    resolution: {integrity: sha512-+XZ+r1XGIJGeQk3VvXhT6xx/VpbHsRzsTkGgF6E5RX9TTXD0118l87puaEBZ566FhqblC6U0d4XnubznJDm30A==}
    engines: {node: ^14.18.0 || >=16.0.0}

  tinyglobby@0.2.14:
    resolution: {integrity: sha512-tX5e7OM1HnYr2+a2C/4V0htOcSQcoSTH9KgJnVvNm5zm/cyEWKJ7j7YutsH9CxMdtOkkLFy2AHrMci9IM8IPZQ==}
    engines: {node: '>=12.0.0'}

  typescript@5.8.3:
    resolution: {integrity: sha512-p1diW6TqL9L07nNxvRMM7hMMw4c5XOo/1ibL4aAIGmSAt9slTE1Xgw5KWuof2uTOvCg9BY7ZRi+GaF+7sfgPeQ==}
    engines: {node: '>=14.17'}
    hasBin: true

snapshots:

  '@babel/code-frame@7.26.2':
    dependencies:
      '@babel/helper-validator-identifier': 7.25.9
      js-tokens: 4.0.0
      picocolors: 1.1.1

  '@babel/generator@7.26.5':
    dependencies:
      '@babel/parser': 7.26.5
      '@babel/types': 7.26.5
      '@jridgewell/gen-mapping': 0.3.8
      '@jridgewell/trace-mapping': 0.3.25
      jsesc: 3.1.0

  '@babel/helper-string-parser@7.25.9': {}

  '@babel/helper-validator-identifier@7.25.9': {}

  '@babel/parser@7.26.5':
    dependencies:
      '@babel/types': 7.26.5

  '@babel/template@7.25.9':
    dependencies:
      '@babel/code-frame': 7.26.2
      '@babel/parser': 7.26.5
      '@babel/types': 7.26.5

  '@babel/traverse@7.26.5':
    dependencies:
      '@babel/code-frame': 7.26.2
      '@babel/generator': 7.26.5
      '@babel/parser': 7.26.5
      '@babel/template': 7.25.9
      '@babel/types': 7.26.5
      debug: 4.4.0
      globals: 11.12.0
    transitivePeerDependencies:
      - supports-color

  '@babel/types@7.26.5':
    dependencies:
      '@babel/helper-string-parser': 7.25.9
      '@babel/helper-validator-identifier': 7.25.9

  '@ianvs/prettier-plugin-sort-imports@4.4.2(prettier@3.5.3)':
    dependencies:
      '@babel/generator': 7.26.5
      '@babel/parser': 7.26.5
      '@babel/traverse': 7.26.5
      '@babel/types': 7.26.5
      prettier: 3.5.3
      semver: 7.6.3
    transitivePeerDependencies:
      - supports-color

  '@jridgewell/gen-mapping@0.3.8':
    dependencies:
      '@jridgewell/set-array': 1.2.1
      '@jridgewell/sourcemap-codec': 1.5.0
      '@jridgewell/trace-mapping': 0.3.25

  '@jridgewell/resolve-uri@3.1.2': {}

  '@jridgewell/set-array@1.2.1': {}

  '@jridgewell/sourcemap-codec@1.5.0': {}

  '@jridgewell/trace-mapping@0.3.25':
    dependencies:
      '@jridgewell/resolve-uri': 3.1.2
      '@jridgewell/sourcemap-codec': 1.5.0

  '@oxlint/darwin-arm64@1.3.0':
    optional: true

  '@oxlint/darwin-x64@1.3.0':
    optional: true

  '@oxlint/linux-arm64-gnu@1.3.0':
    optional: true

  '@oxlint/linux-arm64-musl@1.3.0':
    optional: true

  '@oxlint/linux-x64-gnu@1.3.0':
    optional: true

  '@oxlint/linux-x64-musl@1.3.0':
    optional: true

  '@oxlint/win32-arm64@1.3.0':
    optional: true

  '@oxlint/win32-x64@1.3.0':
    optional: true

  '@pkgr/core@0.2.7': {}

  debug@4.4.0:
    dependencies:
      ms: 2.1.3

  detect-indent@7.0.1: {}

  detect-newline@4.0.1: {}

  fdir@6.4.5(picomatch@4.0.2):
    optionalDependencies:
      picomatch: 4.0.2

  git-hooks-list@4.1.1: {}

  globals@11.12.0: {}

  is-plain-obj@4.1.0: {}

  js-tokens@4.0.0: {}

  jsesc@3.1.0: {}

  ms@2.1.3: {}

  oxlint@1.3.0:
    optionalDependencies:
      '@oxlint/darwin-arm64': 1.3.0
      '@oxlint/darwin-x64': 1.3.0
      '@oxlint/linux-arm64-gnu': 1.3.0
      '@oxlint/linux-arm64-musl': 1.3.0
      '@oxlint/linux-x64-gnu': 1.3.0
      '@oxlint/linux-x64-musl': 1.3.0
      '@oxlint/win32-arm64': 1.3.0
      '@oxlint/win32-x64': 1.3.0

  picocolors@1.1.1: {}

  picomatch@4.0.2: {}

  prettier-plugin-packagejson@2.5.15(prettier@3.5.3):
    dependencies:
      sort-package-json: 3.2.1
      synckit: 0.11.8
    optionalDependencies:
      prettier: 3.5.3

  prettier@3.5.3: {}

  semver@7.6.3: {}

  semver@7.7.2: {}

  sort-object-keys@1.1.3: {}

  sort-package-json@3.2.1:
    dependencies:
      detect-indent: 7.0.1
      detect-newline: 4.0.1
      git-hooks-list: 4.1.1
      is-plain-obj: 4.1.0
      semver: 7.7.2
      sort-object-keys: 1.1.3
      tinyglobby: 0.2.14

  synckit@0.11.8:
    dependencies:
      '@pkgr/core': 0.2.7

  tinyglobby@0.2.14:
    dependencies:
      fdir: 6.4.5(picomatch@4.0.2)
      picomatch: 4.0.2

  typescript@5.8.3: {}
